
Microsoft Visual Studio Solution File, Format Version 12.00
# Visual Studio 15
VisualStudioVersion = 15.0.25807.0
MinimumVisualStudioVersion = 10.0.40219.1
Project("{2150E333-8FDC-42A3-9474-1A3956D46DE8}") = "Engine", "Engine", "{CBB36D35-65D5-4E13-B3E0-FFEA9B388F8F}"
EndProject
Project("{2150E333-8FDC-42A3-9474-1A3956D46DE8}") = "Games", "Games", "{064A8F74-4C33-4ADA-A0A9-34DE09110048}"
EndProject
Project("{8BC9CEB8-8B4A-11D0-8D11-00A0C91BC942}") = "UE4", "Intermediate\ProjectFiles\UE4.vcxproj", "{B61AE2DB-4CA2-4452-906F-05E305763A29}"
EndProject
Project("{8BC9CEB8-8B4A-11D0-8D11-00A0C91BC942}") = "ReEarth", "Intermediate\ProjectFiles\ReEarth.vcxproj", "{F856EBCC-A633-4629-AAF4-90759FA0C02C}"
EndProject
Project("{2150E333-8FDC-42A3-9474-1A3956D46DE8}") = "Visualizers", "Visualizers", "{68A678EF-7D21-4D63-A83F-C13ED7578020}"
	ProjectSection(SolutionItems) = preProject
		..\..\..\..\Program Files\Epic Games\UE_4.23\Engine\Extras\VisualStudioDebugging\UE4.natvis = ..\..\..\..\Program Files\Epic Games\UE_4.23\Engine\Extras\VisualStudioDebugging\UE4.natvis
	EndProjectSection
EndProject
Global
	GlobalSection(SolutionConfigurationPlatforms) = preSolution
		DebugGame Editor|Android = DebugGame Editor|Android
		DebugGame Editor|HTML5 = DebugGame Editor|HTML5
		DebugGame Editor|Win32 = DebugGame Editor|Win32
		DebugGame Editor|Win64 = DebugGame Editor|Win64
		DebugGame|Android = DebugGame|Android
		DebugGame|HTML5 = DebugGame|HTML5
		DebugGame|Win32 = DebugGame|Win32
		DebugGame|Win64 = DebugGame|Win64
		Development Editor|Android = Development Editor|Android
		Development Editor|HTML5 = Development Editor|HTML5
		Development Editor|Win32 = Development Editor|Win32
		Development Editor|Win64 = Development Editor|Win64
		Development|Android = Development|Android
		Development|HTML5 = Development|HTML5
		Development|Win32 = Development|Win32
		Development|Win64 = Development|Win64
		Shipping|Android = Shipping|Android
		Shipping|HTML5 = Shipping|HTML5
		Shipping|Win32 = Shipping|Win32
		Shipping|Win64 = Shipping|Win64
	EndGlobalSection
	GlobalSection(ProjectConfigurationPlatforms) = postSolution
		{B61AE2DB-4CA2-4452-906F-05E305763A29}.DebugGame Editor|Android.ActiveCfg = BuiltWithUnrealBuildTool|Win32
		{B61AE2DB-4CA2-4452-906F-05E305763A29}.DebugGame Editor|HTML5.ActiveCfg = BuiltWithUnrealBuildTool|Win32
		{B61AE2DB-4CA2-4452-906F-05E305763A29}.DebugGame Editor|Win32.ActiveCfg = BuiltWithUnrealBuildTool|Win32
		{B61AE2DB-4CA2-4452-906F-05E305763A29}.DebugGame Editor|Win64.ActiveCfg = BuiltWithUnrealBuildTool|Win32
		{B61AE2DB-4CA2-4452-906F-05E305763A29}.DebugGame|Android.ActiveCfg = BuiltWithUnrealBuildTool|Win32
		{B61AE2DB-4CA2-4452-906F-05E305763A29}.DebugGame|HTML5.ActiveCfg = BuiltWithUnrealBuildTool|Win32
		{B61AE2DB-4CA2-4452-906F-05E305763A29}.DebugGame|Win32.ActiveCfg = BuiltWithUnrealBuildTool|Win32
		{B61AE2DB-4CA2-4452-906F-05E305763A29}.DebugGame|Win64.ActiveCfg = BuiltWithUnrealBuildTool|Win32
		{B61AE2DB-4CA2-4452-906F-05E305763A29}.Development Editor|Android.ActiveCfg = BuiltWithUnrealBuildTool|Win32
		{B61AE2DB-4CA2-4452-906F-05E305763A29}.Development Editor|HTML5.ActiveCfg = BuiltWithUnrealBuildTool|Win32
		{B61AE2DB-4CA2-4452-906F-05E305763A29}.Development Editor|Win32.ActiveCfg = BuiltWithUnrealBuildTool|Win32
		{B61AE2DB-4CA2-4452-906F-05E305763A29}.Development Editor|Win64.ActiveCfg = BuiltWithUnrealBuildTool|Win32
		{B61AE2DB-4CA2-4452-906F-05E305763A29}.Development|Android.ActiveCfg = BuiltWithUnrealBuildTool|Win32
		{B61AE2DB-4CA2-4452-906F-05E305763A29}.Development|HTML5.ActiveCfg = BuiltWithUnrealBuildTool|Win32
		{B61AE2DB-4CA2-4452-906F-05E305763A29}.Development|Win32.ActiveCfg = BuiltWithUnrealBuildTool|Win32
		{B61AE2DB-4CA2-4452-906F-05E305763A29}.Development|Win64.ActiveCfg = BuiltWithUnrealBuildTool|Win32
		{B61AE2DB-4CA2-4452-906F-05E305763A29}.Shipping|Android.ActiveCfg = BuiltWithUnrealBuildTool|Win32
		{B61AE2DB-4CA2-4452-906F-05E305763A29}.Shipping|HTML5.ActiveCfg = BuiltWithUnrealBuildTool|Win32
		{B61AE2DB-4CA2-4452-906F-05E305763A29}.Shipping|Win32.ActiveCfg = BuiltWithUnrealBuildTool|Win32
		{B61AE2DB-4CA2-4452-906F-05E305763A29}.Shipping|Win64.ActiveCfg = BuiltWithUnrealBuildTool|Win32
		{F856EBCC-A633-4629-AAF4-90759FA0C02C}.DebugGame Editor|Android.ActiveCfg = Invalid|Win32
		{F856EBCC-A633-4629-AAF4-90759FA0C02C}.DebugGame Editor|HTML5.ActiveCfg = Invalid|Win32
		{F856EBCC-A633-4629-AAF4-90759FA0C02C}.DebugGame Editor|Win32.ActiveCfg = Invalid|Win32
		{F856EBCC-A633-4629-AAF4-90759FA0C02C}.DebugGame Editor|Win64.ActiveCfg = DebugGame_Editor|x64
		{F856EBCC-A633-4629-AAF4-90759FA0C02C}.DebugGame Editor|Win64.Build.0 = DebugGame_Editor|x64
		{F856EBCC-A633-4629-AAF4-90759FA0C02C}.DebugGame|Android.ActiveCfg = Android_DebugGame|Win32
		{F856EBCC-A633-4629-AAF4-90759FA0C02C}.DebugGame|Android.Build.0 = Android_DebugGame|Win32
		{F856EBCC-A633-4629-AAF4-90759FA0C02C}.DebugGame|HTML5.ActiveCfg = HTML5_DebugGame|Win32
		{F856EBCC-A633-4629-AAF4-90759FA0C02C}.DebugGame|HTML5.Build.0 = HTML5_DebugGame|Win32
		{F856EBCC-A633-4629-AAF4-90759FA0C02C}.DebugGame|Win32.ActiveCfg = DebugGame|Win32
		{F856EBCC-A633-4629-AAF4-90759FA0C02C}.DebugGame|Win32.Build.0 = DebugGame|Win32
		{F856EBCC-A633-4629-AAF4-90759FA0C02C}.DebugGame|Win64.ActiveCfg = DebugGame|x64
		{F856EBCC-A633-4629-AAF4-90759FA0C02C}.DebugGame|Win64.Build.0 = DebugGame|x64
		{F856EBCC-A633-4629-AAF4-90759FA0C02C}.Development Editor|Android.ActiveCfg = Invalid|Win32
		{F856EBCC-A633-4629-AAF4-90759FA0C02C}.Development Editor|HTML5.ActiveCfg = Invalid|Win32
		{F856EBCC-A633-4629-AAF4-90759FA0C02C}.Development Editor|Win32.ActiveCfg = Invalid|Win32
		{F856EBCC-A633-4629-AAF4-90759FA0C02C}.Development Editor|Win64.ActiveCfg = Development_Editor|x64
		{F856EBCC-A633-4629-AAF4-90759FA0C02C}.Development Editor|Win64.Build.0 = Development_Editor|x64
		{F856EBCC-A633-4629-AAF4-90759FA0C02C}.Development|Android.ActiveCfg = Android_Development|Win32
		{F856EBCC-A633-4629-AAF4-90759FA0C02C}.Development|Android.Build.0 = Android_Development|Win32
		{F856EBCC-A633-4629-AAF4-90759FA0C02C}.Development|HTML5.ActiveCfg = HTML5_Development|Win32
		{F856EBCC-A633-4629-AAF4-90759FA0C02C}.Development|HTML5.Build.0 = HTML5_Development|Win32
		{F856EBCC-A633-4629-AAF4-90759FA0C02C}.Development|Win32.ActiveCfg = Development|Win32
		{F856EBCC-A633-4629-AAF4-90759FA0C02C}.Development|Win32.Build.0 = Development|Win32
		{F856EBCC-A633-4629-AAF4-90759FA0C02C}.Development|Win64.ActiveCfg = Development|x64
		{F856EBCC-A633-4629-AAF4-90759FA0C02C}.Development|Win64.Build.0 = Development|x64
		{F856EBCC-A633-4629-AAF4-90759FA0C02C}.Shipping|Android.ActiveCfg = Android_Shipping|Win32
		{F856EBCC-A633-4629-AAF4-90759FA0C02C}.Shipping|Android.Build.0 = Android_Shipping|Win32
		{F856EBCC-A633-4629-AAF4-90759FA0C02C}.Shipping|HTML5.ActiveCfg = HTML5_Shipping|Win32
		{F856EBCC-A633-4629-AAF4-90759FA0C02C}.Shipping|HTML5.Build.0 = HTML5_Shipping|Win32
		{F856EBCC-A633-4629-AAF4-90759FA0C02C}.Shipping|Win32.ActiveCfg = Shipping|Win32
		{F856EBCC-A633-4629-AAF4-90759FA0C02C}.Shipping|Win32.Build.0 = Shipping|Win32
		{F856EBCC-A633-4629-AAF4-90759FA0C02C}.Shipping|Win64.ActiveCfg = Shipping|x64
		{F856EBCC-A633-4629-AAF4-90759FA0C02C}.Shipping|Win64.Build.0 = Shipping|x64
	EndGlobalSection
	GlobalSection(SolutionProperties) = preSolution
		HideSolutionNode = FALSE
	EndGlobalSection
	GlobalSection(NestedProjects) = preSolution
		{B61AE2DB-4CA2-4452-906F-05E305763A29} = {CBB36D35-65D5-4E13-B3E0-FFEA9B388F8F}
		{F856EBCC-A633-4629-AAF4-90759FA0C02C} = {064A8F74-4C33-4ADA-A0A9-34DE09110048}
	EndGlobalSection
EndGlobal
